// !$*UTF8*$!
{
	archiveVersion = 1;
	classes = {
	};
	objectVersion = 48;
	objects = {

/* Begin PBXBuildFile section */
		AB8401DB202AA63E00301449 /* AppDelegate.m in Sources */ = {isa = PBXBuildFile; fileRef = AB8401DA202AA63E00301449 /* AppDelegate.m */; };
		AB8401DE202AA63E00301449 /* ViewController.m in Sources */ = {isa = PBXBuildFile; fileRef = AB8401DD202AA63E00301449 /* ViewController.m */; };
		AB8401E0202AA63E00301449 /* Assets.xcassets in Resources */ = {isa = PBXBuildFile; fileRef = AB8401DF202AA63E00301449 /* Assets.xcassets */; };
		AB8401E3202AA63E00301449 /* Main.storyboard in Resources */ = {isa = PBXBuildFile; fileRef = AB8401E1202AA63E00301449 /* Main.storyboard */; };
		AB8401E6202AA63E00301449 /* main.m in Sources */ = {isa = PBXBuildFile; fileRef = AB8401E5202AA63E00301449 /* main.m */; };
		AB8401F1202AA8F300301449 /* OpenGLView.m in Sources */ = {isa = PBXBuildFile; fileRef = AB8401F0202AA8F300301449 /* OpenGLView.m */; };
		AB8401F4202AAC0C00301449 /* libresolv.tbd in Frameworks */ = {isa = PBXBuildFile; fileRef = AB8401F3202AAC0C00301449 /* libresolv.tbd */; };
/* End PBXBuildFile section */

/* Begin PBXFileReference section */
		AB8401D6202AA63E00301449 /* PacMan.app */ = {isa = PBXFileReference; explicitFileType = wrapper.application; includeInIndex = 0; path = PacMan.app; sourceTree = BUILT_PRODUCTS_DIR; };
		AB8401D9202AA63E00301449 /* AppDelegate.h */ = {isa = PBXFileReference; lastKnownFileType = sourcecode.c.h; path = AppDelegate.h; sourceTree = "<group>"; };
		AB8401DA202AA63E00301449 /* AppDelegate.m */ = {isa = PBXFileReference; lastKnownFileType = sourcecode.c.objc; path = AppDelegate.m; sourceTree = "<group>"; };
		AB8401DC202AA63E00301449 /* ViewController.h */ = {isa = PBXFileReference; lastKnownFileType = sourcecode.c.h; path = ViewController.h; sourceTree = "<group>"; };
		AB8401DD202AA63E00301449 /* ViewController.m */ = {isa = PBXFileReference; lastKnownFileType = sourcecode.c.objc; path = ViewController.m; sourceTree = "<group>"; };
		AB8401DF202AA63E00301449 /* Assets.xcassets */ = {isa = PBXFileReference; lastKnownFileType = folder.assetcatalog; path = Assets.xcassets; sourceTree = "<group>"; };
		AB8401E2202AA63E00301449 /* Base */ = {isa = PBXFileReference; lastKnownFileType = file.storyboard; name = Base; path = Base.lproj/Main.storyboard; sourceTree = "<group>"; };
		AB8401E4202AA63E00301449 /* Info.plist */ = {isa = PBXFileReference; lastKnownFileType = text.plist.xml; path = Info.plist; sourceTree = "<group>"; };
		AB8401E5202AA63E00301449 /* main.m */ = {isa = PBXFileReference; lastKnownFileType = sourcecode.c.objc; path = main.m; sourceTree = "<group>"; };
		AB8401E7202AA63E00301449 /* PacMan.entitlements */ = {isa = PBXFileReference; lastKnownFileType = text.plist.entitlements; path = PacMan.entitlements; sourceTree = "<group>"; };
		AB8401ED202AA81D00301449 /* BuildRustLib.sh */ = {isa = PBXFileReference; lastKnownFileType = text.script.sh; path = BuildRustLib.sh; sourceTree = "<group>"; };
		AB8401EF202AA8F300301449 /* OpenGLView.h */ = {isa = PBXFileReference; lastKnownFileType = sourcecode.c.h; path = OpenGLView.h; sourceTree = "<group>"; };
		AB8401F0202AA8F300301449 /* OpenGLView.m */ = {isa = PBXFileReference; lastKnownFileType = sourcecode.c.objc; path = OpenGLView.m; sourceTree = "<group>"; };
		AB8401F3202AAC0C00301449 /* libresolv.tbd */ = {isa = PBXFileReference; lastKnownFileType = "sourcecode.text-based-dylib-definition"; name = libresolv.tbd; path = usr/lib/libresolv.tbd; sourceTree = SDKROOT; };
/* End PBXFileReference section */

/* Begin PBXFrameworksBuildPhase section */
		AB8401D3202AA63E00301449 /* Frameworks */ = {
			isa = PBXFrameworksBuildPhase;
			buildActionMask = 2147483647;
			files = (
				AB8401F4202AAC0C00301449 /* libresolv.tbd in Frameworks */,
			);
			runOnlyForDeploymentPostprocessing = 0;
		};
/* End PBXFrameworksBuildPhase section */

/* Begin PBXGroup section */
		AB8401CD202AA63E00301449 = {
			isa = PBXGroup;
			children = (
				AB8401D8202AA63E00301449 /* PacMan */,
				AB8401D7202AA63E00301449 /* Products */,
				AB8401F2202AAC0C00301449 /* Frameworks */,
			);
			sourceTree = "<group>";
		};
		AB8401D7202AA63E00301449 /* Products */ = {
			isa = PBXGroup;
			children = (
				AB8401D6202AA63E00301449 /* PacMan.app */,
			);
			name = Products;
			sourceTree = "<group>";
		};
		AB8401D8202AA63E00301449 /* PacMan */ = {
			isa = PBXGroup;
			children = (
				AB8401D9202AA63E00301449 /* AppDelegate.h */,
				AB8401DA202AA63E00301449 /* AppDelegate.m */,
				AB8401DC202AA63E00301449 /* ViewController.h */,
				AB8401DD202AA63E00301449 /* ViewController.m */,
				AB8401EF202AA8F300301449 /* OpenGLView.h */,
				AB8401F0202AA8F300301449 /* OpenGLView.m */,
				AB8401DF202AA63E00301449 /* Assets.xcassets */,
				AB8401E1202AA63E00301449 /* Main.storyboard */,
				AB8401E4202AA63E00301449 /* Info.plist */,
				AB8401E5202AA63E00301449 /* main.m */,
				AB8401E7202AA63E00301449 /* PacMan.entitlements */,
				AB8401ED202AA81D00301449 /* BuildRustLib.sh */,
			);
			path = PacMan;
			sourceTree = "<group>";
		};
		AB8401F2202AAC0C00301449 /* Frameworks */ = {
			isa = PBXGroup;
			children = (
				AB8401F3202AAC0C00301449 /* libresolv.tbd */,
			);
			name = Frameworks;
			sourceTree = "<group>";
		};
/* End PBXGroup section */

/* Begin PBXNativeTarget section */
		AB8401D5202AA63E00301449 /* PacMan */ = {
			isa = PBXNativeTarget;
			buildConfigurationList = AB8401EA202AA63E00301449 /* Build configuration list for PBXNativeTarget "PacMan" */;
			buildPhases = (
				AB8401EE202AA83500301449 /* Build Rust Lib */,
				AB8401D2202AA63E00301449 /* Sources */,
				AB8401D3202AA63E00301449 /* Frameworks */,
				AB8401D4202AA63E00301449 /* Resources */,
			);
			buildRules = (
			);
			dependencies = (
			);
			name = PacMan;
			productName = PacMan;
			productReference = AB8401D6202AA63E00301449 /* PacMan.app */;
			productType = "com.apple.product-type.application";
		};
/* End PBXNativeTarget section */

/* Begin PBXProject section */
		AB8401CE202AA63E00301449 /* Project object */ = {
			isa = PBXProject;
			attributes = {
				LastUpgradeCheck = 0920;
				ORGANIZATIONNAME = "Coeuvre Wong";
				TargetAttributes = {
					AB8401D5202AA63E00301449 = {
						CreatedOnToolsVersion = 9.2;
						ProvisioningStyle = Automatic;
					};
				};
			};
			buildConfigurationList = AB8401D1202AA63E00301449 /* Build configuration list for PBXProject "PacMan" */;
			compatibilityVersion = "Xcode 8.0";
			developmentRegion = en;
			hasScannedForEncodings = 0;
			knownRegions = (
				en,
				Base,
			);
			mainGroup = AB8401CD202AA63E00301449;
			productRefGroup = AB8401D7202AA63E00301449 /* Products */;
			projectDirPath = "";
			projectRoot = "";
			targets = (
				AB8401D5202AA63E00301449 /* PacMan */,
			);
		};
/* End PBXProject section */

/* Begin PBXResourcesBuildPhase section */
		AB8401D4202AA63E00301449 /* Resources */ = {
			isa = PBXResourcesBuildPhase;
			buildActionMask = 2147483647;
			files = (
				AB8401E0202AA63E00301449 /* Assets.xcassets in Resources */,
				AB8401E3202AA63E00301449 /* Main.storyboard in Resources */,
			);
			runOnlyForDeploymentPostprocessing = 0;
		};
/* End PBXResourcesBuildPhase section */

/* Begin PBXShellScriptBuildPhase section */
		AB8401EE202AA83500301449 /* Build Rust Lib */ = {
			isa = PBXShellScriptBuildPhase;
			buildActionMask = 2147483647;
			files = (
			);
			inputPaths = (
			);
			name = "Build Rust Lib";
			outputPaths = (
			);
			runOnlyForDeploymentPostprocessing = 0;
			shellPath = /bin/sh;
			shellScript = "${SRCROOT}/PacMan/BuildRustLib.sh";
		};
/* End PBXShellScriptBuildPhase section */

/* Begin PBXSourcesBuildPhase section */
		AB8401D2202AA63E00301449 /* Sources */ = {
			isa = PBXSourcesBuildPhase;
			buildActionMask = 2147483647;
			files = (
				AB8401DE202AA63E00301449 /* ViewController.m in Sources */,
				AB8401E6202AA63E00301449 /* main.m in Sources */,
				AB8401DB202AA63E00301449 /* AppDelegate.m in Sources */,
				AB8401F1202AA8F300301449 /* OpenGLView.m in Sources */,
			);
			runOnlyForDeploymentPostprocessing = 0;
		};
/* End PBXSourcesBuildPhase section */

/* Begin PBXVariantGroup section */
		AB8401E1202AA63E00301449 /* Main.storyboard */ = {
			isa = PBXVariantGroup;
			children = (
				AB8401E2202AA63E00301449 /* Base */,
			);
			name = Main.storyboard;
			sourceTree = "<group>";
		};
/* End PBXVariantGroup section */

/* Begin XCBuildConfiguration section */
		AB8401E8202AA63E00301449 /* Debug */ = {
			isa = XCBuildConfiguration;
			buildSettings = {
				ALWAYS_SEARCH_USER_PATHS = NO;
				CLANG_ANALYZER_NONNULL = YES;
				CLANG_ANALYZER_NUMBER_OBJECT_CONVERSION = YES_AGGRESSIVE;
				CLANG_CXX_LANGUAGE_STANDARD = "gnu++14";
				CLANG_CXX_LIBRARY = "libc++";
				CLANG_ENABLE_MODULES = YES;
				CLANG_ENABLE_OBJC_ARC = YES;
				CLANG_WARN_BLOCK_CAPTURE_AUTORELEASING = YES;
				CLANG_WARN_BOOL_CONVERSION = YES;
				CLANG_WARN_COMMA = YES;
				CLANG_WARN_CONSTANT_CONVERSION = YES;
				CLANG_WARN_DIRECT_OBJC_ISA_USAGE = YES_ERROR;
				CLANG_WARN_DOCUMENTATION_COMMENTS = YES;
				CLANG_WARN_EMPTY_BODY = YES;
				CLANG_WARN_ENUM_CONVERSION = YES;
				CLANG_WARN_INFINITE_RECURSION = YES;
				CLANG_WARN_INT_CONVERSION = YES;
				CLANG_WARN_NON_LITERAL_NULL_CONVERSION = YES;
				CLANG_WARN_OBJC_LITERAL_CONVERSION = YES;
				CLANG_WARN_OBJC_ROOT_CLASS = YES_ERROR;
				CLANG_WARN_RANGE_LOOP_ANALYSIS = YES;
				CLANG_WARN_STRICT_PROTOTYPES = YES;
				CLANG_WARN_SUSPICIOUS_MOVE = YES;
				CLANG_WARN_UNGUARDED_AVAILABILITY = YES_AGGRESSIVE;
				CLANG_WARN_UNREACHABLE_CODE = YES;
				CLANG_WARN__DUPLICATE_METHOD_MATCH = YES;
				CODE_SIGN_IDENTITY = "-";
				COPY_PHASE_STRIP = NO;
				DEBUG_INFORMATION_FORMAT = dwarf;
				ENABLE_STRICT_OBJC_MSGSEND = YES;
				ENABLE_TESTABILITY = YES;
				GCC_C_LANGUAGE_STANDARD = gnu11;
				GCC_DYNAMIC_NO_PIC = NO;
				GCC_NO_COMMON_BLOCKS = YES;
				GCC_OPTIMIZATION_LEVEL = 0;
				GCC_PREPROCESSOR_DEFINITIONS = (
					"DEBUG=1",
					"$(inherited)",
				);
				GCC_WARN_64_TO_32_BIT_CONVERSION = YES;
				GCC_WARN_ABOUT_RETURN_TYPE = YES_ERROR;
				GCC_WARN_UNDECLARED_SELECTOR = YES;
				GCC_WARN_UNINITIALIZED_AUTOS = YES_AGGRESSIVE;
				GCC_WARN_UNUSED_FUNCTION = YES;
				GCC_WARN_UNUSED_VARIABLE = YES;
				MACOSX_DEPLOYMENT_TARGET = 10.12;
				MTL_ENABLE_DEBUG_INFO = YES;
				ONLY_ACTIVE_ARCH = YES;
				SDKROOT = macosx;
			};
			name = Debug;
		};
		AB8401E9202AA63E00301449 /* Release */ = {
			isa = XCBuildConfiguration;
			buildSettings = {
				ALWAYS_SEARCH_USER_PATHS = NO;
				CLANG_ANALYZER_NONNULL = YES;
				CLANG_ANALYZER_NUMBER_OBJECT_CONVERSION = YES_AGGRESSIVE;
				CLANG_CXX_LANGUAGE_STANDARD = "gnu++14";
				CLANG_CXX_LIBRARY = "libc++";
				CLANG_ENABLE_MODULES = YES;
				CLANG_ENABLE_OBJC_ARC = YES;
				CLANG_WARN_BLOCK_CAPTURE_AUTORELEASING = YES;
				CLANG_WARN_BOOL_CONVERSION = YES;
				CLANG_WARN_COMMA = YES;
				CLANG_WARN_CONSTANT_CONVERSION = YES;
				CLANG_WARN_DIRECT_OBJC_ISA_USAGE = YES_ERROR;
				CLANG_WARN_DOCUMENTATION_COMMENTS = YES;
				CLANG_WARN_EMPTY_BODY = YES;
				CLANG_WARN_ENUM_CONVERSION = YES;
				CLANG_WARN_INFINITE_RECURSION = YES;
				CLANG_WARN_INT_CONVERSION = YES;
				CLANG_WARN_NON_LITERAL_NULL_CONVERSION = YES;
				CLANG_WARN_OBJC_LITERAL_CONVERSION = YES;
				CLANG_WARN_OBJC_ROOT_CLASS = YES_ERROR;
				CLANG_WARN_RANGE_LOOP_ANALYSIS = YES;
				CLANG_WARN_STRICT_PROTOTYPES = YES;
				CLANG_WARN_SUSPICIOUS_MOVE = YES;
				CLANG_WARN_UNGUARDED_AVAILABILITY = YES_AGGRESSIVE;
				CLANG_WARN_UNREACHABLE_CODE = YES;
				CLANG_WARN__DUPLICATE_METHOD_MATCH = YES;
				CODE_SIGN_IDENTITY = "-";
				COPY_PHASE_STRIP = NO;
				DEBUG_INFORMATION_FORMAT = "dwarf-with-dsym";
				ENABLE_NS_ASSERTIONS = NO;
				ENABLE_STRICT_OBJC_MSGSEND = YES;
				GCC_C_LANGUAGE_STANDARD = gnu11;
				GCC_NO_COMMON_BLOCKS = YES;
				GCC_WARN_64_TO_32_BIT_CONVERSION = YES;
				GCC_WARN_ABOUT_RETURN_TYPE = YES_ERROR;
				GCC_WARN_UNDECLARED_SELECTOR = YES;
				GCC_WARN_UNINITIALIZED_AUTOS = YES_AGGRESSIVE;
				GCC_WARN_UNUSED_FUNCTION = YES;
				GCC_WARN_UNUSED_VARIABLE = YES;
				MACOSX_DEPLOYMENT_TARGET = 10.12;
				MTL_ENABLE_DEBUG_INFO = NO;
				SDKROOT = macosx;
			};
			name = Release;
		};
		AB8401EB202AA63E00301449 /* Debug */ = {
			isa = XCBuildConfiguration;
			buildSettings = {
				ASSETCATALOG_COMPILER_APPICON_NAME = AppIcon;
				CODE_SIGN_ENTITLEMENTS = PacMan/PacMan.entitlements;
				CODE_SIGN_STYLE = Automatic;
				COMBINE_HIDPI_IMAGES = YES;
				HEADER_SEARCH_PATHS = "$(SRCROOT)/../rust";
				INFOPLIST_FILE = PacMan/Info.plist;
				LD_RUNPATH_SEARCH_PATHS = "$(inherited) @executable_path/../Frameworks";
				LIBRARY_SEARCH_PATHS = "$(SRCROOT)/../rust/target/debug";
				OTHER_LDFLAGS = "-lpacman";
				PRODUCT_BUNDLE_IDENTIFIER = me.coeuvre.PacMan;
				PRODUCT_NAME = "$(TARGET_NAME)";
			};
			name = Debug;
		};
		AB8401EC202AA63E00301449 /* Release */ = {
			isa = XCBuildConfiguration;
			buildSettings = {
				ASSETCATALOG_COMPILER_APPICON_NAME = AppIcon;
				CODE_SIGN_ENTITLEMENTS = PacMan/PacMan.entitlements;
				CODE_SIGN_STYLE = Automatic;
				COMBINE_HIDPI_IMAGES = YES;
				HEADER_SEARCH_PATHS = "$(SRCROOT)/../rust";
				INFOPLIST_FILE = PacMan/Info.plist;
				LD_RUNPATH_SEARCH_PATHS = "$(inherited) @executable_path/../Frameworks";
				LIBRARY_SEARCH_PATHS = "$(SRCROOT)/../rust/target/release";
				OTHER_LDFLAGS = "-lpacman";
				PRODUCT_BUNDLE_IDENTIFIER = me.coeuvre.PacMan;
				PRODUCT_NAME = "$(TARGET_NAME)";
			};
			name = Release;
		};
/* End XCBuildConfiguration section */

/* Begin XCConfigurationList section */
		AB8401D1202AA63E00301449 /* Build configuration list for PBXProject "PacMan" */ = {
			isa = XCConfigurationList;
			buildConfigurations = (
				AB8401E8202AA63E00301449 /* Debug */,
				AB8401E9202AA63E00301449 /* Release */,
			);
			defaultConfigurationIsVisible = 0;
			defaultConfigurationName = Release;
		};
		AB8401EA202AA63E00301449 /* Build configuration list for PBXNativeTarget "PacMan" */ = {
			isa = XCConfigurationList;
			buildConfigurations = (
				AB8401EB202AA63E00301449 /* Debug */,
				AB8401EC202AA63E00301449 /* Release */,
			);
			defaultConfigurationIsVisible = 0;
			defaultConfigurationName = Release;
		};
/* End XCConfigurationList section */
	};
	rootObject = AB8401CE202AA63E00301449 /* Project object */;
}
